
Microsoft Visual Studio Solution File, Format Version 12.00
# Visual Studio Version 17
VisualStudioVersion = 17.14.37710.0
MinimumVisualStudioVersion = 10.0.40219.1
Project("{FAE04EC0-301F-11D3-BF4B-00C04F79EFBC}") = "Assignment1", "Assingment1\Assignment1.csproj", "{DEB61630-F53A-4E7A-B6A9-101078CD62CA}"
EndProject
Global
	GlobalSection(SolutionConfigurationPlatforms) = preSolution
		Debug|Any CPU = Debug|Any CPU
		Release|Any CPU = Release|Any CPU
	EndGlobalSection
	GlobalSection(ProjectConfigurationPlatforms) = postSolution
		{DEB61630-F53A-4E7A-B6A9-101078CD62CA}.Debug|Any CPU.ActiveCfg = Debug|Any CPU
		{DEB61630-F53A-4E7A-B6A9-101078CD62CA}.Debug|Any CPU.Build.0 = Debug|Any CPU
		{DEB61630-F53A-4E7A-B6A9-101078CD62CA}.Release|Any CPU.ActiveCfg = Release|Any CPU
		{DEB61630-F53A-4E7A-B6A9-101078CD62CA}.Release|Any CPU.Build.0 = Release|Any CPU
	EndGlobalSection
	GlobalSection(SolutionProperties) = preSolution
		HideSolutionNode = FALSE
	EndGlobalSection
	GlobalSection(ExtensibilityGlobals) = postSolution
		SolutionGuid = {BBD5767C-FDF6-4585-AF09-EA7D317F5B27}
	EndGlobalSection
EndGlobal
